
Microsoft Visual Studio Solution File, Format Version 12.00
# Visual Studio Version 16
VisualStudioVersion = 16.0.29519.87
MinimumVisualStudioVersion = 10.0.40219.1
Project("{FAE04EC0-301F-11D3-BF4B-00C04F79EFBC}") = "ContactManagementSystem", "ContactManagementSystem\ContactManagementSystem.csproj", "{2FBA5F20-3C2B-4D24-B628-483EAB8D18DD}"
EndProject
Global
	GlobalSection(SolutionConfigurationPlatforms) = preSolution
		Debug|Any CPU = Debug|Any CPU
		Release|Any CPU = Release|Any CPU
	EndGlobalSection
	GlobalSection(ProjectConfigurationPlatforms) = postSolution
		{2FBA5F20-3C2B-4D24-B628-483EAB8D18DD}.Debug|Any CPU.ActiveCfg = Debug|Any CPU
		{2FBA5F20-3C2B-4D24-B628-483EAB8D18DD}.Debug|Any CPU.Build.0 = Debug|Any CPU
		{2FBA5F20-3C2B-4D24-B628-483EAB8D18DD}.Release|Any CPU.ActiveCfg = Release|Any CPU
		{2FBA5F20-3C2B-4D24-B628-483EAB8D18DD}.Release|Any CPU.Build.0 = Release|Any CPU
	EndGlobalSection
	GlobalSection(SolutionProperties) = preSolution
		HideSolutionNode = FALSE
	EndGlobalSection
	GlobalSection(ExtensibilityGlobals) = postSolution
		SolutionGuid = {960603E2-8531-4C7C-920B-8BA90C6B9ACD}
	EndGlobalSection
EndGlobal
